// !$*UTF8*$!
{
	archiveVersion = 1;
	classes = {
	};
	objectVersion = 48;
	objects = {

/* Begin PBXBuildFile section */
		4CAF144C20858A1B00FF213E /* AppDelegate.swift in Sources */ = {isa = PBXBuildFile; fileRef = 4CAF144B20858A1B00FF213E /* AppDelegate.swift */; };
		4CAF144E20858A1B00FF213E /* ViewController.swift in Sources */ = {isa = PBXBuildFile; fileRef = 4CAF144D20858A1B00FF213E /* ViewController.swift */; };
		4CAF145120858A1B00FF213E /* Main.storyboard in Resources */ = {isa = PBXBuildFile; fileRef = 4CAF144F20858A1B00FF213E /* Main.storyboard */; };
		4CAF145320858A1B00FF213E /* Assets.xcassets in Resources */ = {isa = PBXBuildFile; fileRef = 4CAF145220858A1B00FF213E /* Assets.xcassets */; };
		4CAF145620858A1B00FF213E /* LaunchScreen.storyboard in Resources */ = {isa = PBXBuildFile; fileRef = 4CAF145420858A1B00FF213E /* LaunchScreen.storyboard */; };
		4CAF145E20858AB900FF213E /* StarScoreView.swift in Sources */ = {isa = PBXBuildFile; fileRef = 4CAF145D20858AB900FF213E /* StarScoreView.swift */; };
/* End PBXBuildFile section */

/* Begin PBXFileReference section */
		4CAF144820858A1B00FF213E /* JSDStarScoreView.app */ = {isa = PBXFileReference; explicitFileType = wrapper.application; includeInIndex = 0; path = JSDStarScoreView.app; sourceTree = BUILT_PRODUCTS_DIR; };
		4CAF144B20858A1B00FF213E /* AppDelegate.swift */ = {isa = PBXFileReference; lastKnownFileType = sourcecode.swift; path = AppDelegate.swift; sourceTree = "<group>"; };
		4CAF144D20858A1B00FF213E /* ViewController.swift */ = {isa = PBXFileReference; lastKnownFileType = sourcecode.swift; path = ViewController.swift; sourceTree = "<group>"; };
		4CAF145020858A1B00FF213E /* Base */ = {isa = PBXFileReference; lastKnownFileType = file.storyboard; name = Base; path = Base.lproj/Main.storyboard; sourceTree = "<group>"; };
		4CAF145220858A1B00FF213E /* Assets.xcassets */ = {isa = PBXFileReference; lastKnownFileType = folder.assetcatalog; path = Assets.xcassets; sourceTree = "<group>"; };
		4CAF145520858A1B00FF213E /* Base */ = {isa = PBXFileReference; lastKnownFileType = file.storyboard; name = Base; path = Base.lproj/LaunchScreen.storyboard; sourceTree = "<group>"; };
		4CAF145720858A1B00FF213E /* Info.plist */ = {isa = PBXFileReference; lastKnownFileType = text.plist.xml; path = Info.plist; sourceTree = "<group>"; };
		4CAF145D20858AB900FF213E /* StarScoreView.swift */ = {isa = PBXFileReference; lastKnownFileType = sourcecode.swift; path = StarScoreView.swift; sourceTree = "<group>"; };
/* End PBXFileReference section */

/* Begin PBXFrameworksBuildPhase section */
		4CAF144520858A1B00FF213E /* Frameworks */ = {
			isa = PBXFrameworksBuildPhase;
			buildActionMask = 2147483647;
			files = (
			);
			runOnlyForDeploymentPostprocessing = 0;
		};
/* End PBXFrameworksBuildPhase section */

/* Begin PBXGroup section */
		4CAF143F20858A1B00FF213E = {
			isa = PBXGroup;
			children = (
				4CAF144A20858A1B00FF213E /* JSDStarScoreView */,
				4CAF144920858A1B00FF213E /* Products */,
			);
			sourceTree = "<group>";
		};
		4CAF144920858A1B00FF213E /* Products */ = {
			isa = PBXGroup;
			children = (
				4CAF144820858A1B00FF213E /* JSDStarScoreView.app */,
			);
			name = Products;
			sourceTree = "<group>";
		};
		4CAF144A20858A1B00FF213E /* JSDStarScoreView */ = {
			isa = PBXGroup;
			children = (
				4CAF144B20858A1B00FF213E /* AppDelegate.swift */,
				4CAF145D20858AB900FF213E /* StarScoreView.swift */,
				4CAF144D20858A1B00FF213E /* ViewController.swift */,
				4CAF144F20858A1B00FF213E /* Main.storyboard */,
				4CAF145220858A1B00FF213E /* Assets.xcassets */,
				4CAF145420858A1B00FF213E /* LaunchScreen.storyboard */,
				4CAF145720858A1B00FF213E /* Info.plist */,
			);
			path = JSDStarScoreView;
			sourceTree = "<group>";
		};
/* End PBXGroup section */

/* Begin PBXNativeTarget section */
		4CAF144720858A1B00FF213E /* JSDStarScoreView */ = {
			isa = PBXNativeTarget;
			buildConfigurationList = 4CAF145A20858A1B00FF213E /* Build configuration list for PBXNativeTarget "JSDStarScoreView" */;
			buildPhases = (
				4CAF144420858A1B00FF213E /* Sources */,
				4CAF144520858A1B00FF213E /* Frameworks */,
				4CAF144620858A1B00FF213E /* Resources */,
			);
			buildRules = (
			);
			dependencies = (
			);
			name = JSDStarScoreView;
			productName = JSDStarScoreView;
			productReference = 4CAF144820858A1B00FF213E /* JSDStarScoreView.app */;
			productType = "com.apple.product-type.application";
		};
/* End PBXNativeTarget section */

/* Begin PBXProject section */
		4CAF144020858A1B00FF213E /* Project object */ = {
			isa = PBXProject;
			attributes = {
				LastSwiftUpdateCheck = 0920;
				LastUpgradeCheck = 0920;
				ORGANIZATIONNAME = Nick.Inc;
				TargetAttributes = {
					4CAF144720858A1B00FF213E = {
						CreatedOnToolsVersion = 9.2;
						ProvisioningStyle = Automatic;
					};
				};
			};
			buildConfigurationList = 4CAF144320858A1B00FF213E /* Build configuration list for PBXProject "JSDStarScoreView" */;
			compatibilityVersion = "Xcode 8.0";
			developmentRegion = en;
			hasScannedForEncodings = 0;
			knownRegions = (
				en,
				Base,
			);
			mainGroup = 4CAF143F20858A1B00FF213E;
			productRefGroup = 4CAF144920858A1B00FF213E /* Products */;
			projectDirPath = "";
			projectRoot = "";
			targets = (
				4CAF144720858A1B00FF213E /* JSDStarScoreView */,
			);
		};
/* End PBXProject section */

/* Begin PBXResourcesBuildPhase section */
		4CAF144620858A1B00FF213E /* Resources */ = {
			isa = PBXResourcesBuildPhase;
			buildActionMask = 2147483647;
			files = (
				4CAF145620858A1B00FF213E /* LaunchScreen.storyboard in Resources */,
				4CAF145320858A1B00FF213E /* Assets.xcassets in Resources */,
				4CAF145120858A1B00FF213E /* Main.storyboard in Resources */,
			);
			runOnlyForDeploymentPostprocessing = 0;
		};
/* End PBXResourcesBuildPhase section */

/* Begin PBXSourcesBuildPhase section */
		4CAF144420858A1B00FF213E /* Sources */ = {
			isa = PBXSourcesBuildPhase;
			buildActionMask = 2147483647;
			files = (
				4CAF144E20858A1B00FF213E /* ViewController.swift in Sources */,
				4CAF145E20858AB900FF213E /* StarScoreView.swift in Sources */,
				4CAF144C20858A1B00FF213E /* AppDelegate.swift in Sources */,
			);
			runOnlyForDeploymentPostprocessing = 0;
		};
/* End PBXSourcesBuildPhase section */

/* Begin PBXVariantGroup section */
		4CAF144F20858A1B00FF213E /* Main.storyboard */ = {
			isa = PBXVariantGroup;
			children = (
				4CAF145020858A1B00FF213E /* Base */,
			);
			name = Main.storyboard;
			sourceTree = "<group>";
		};
		4CAF145420858A1B00FF213E /* LaunchScreen.storyboard */ = {
			isa = PBXVariantGroup;
			children = (
				4CAF145520858A1B00FF213E /* Base */,
			);
			name = LaunchScreen.storyboard;
			sourceTree = "<group>";
		};
/* End PBXVariantGroup section */

/* Begin XCBuildConfiguration section */
		4CAF145820858A1B00FF213E /* Debug */ = {
			isa = XCBuildConfiguration;
			buildSettings = {
				ALWAYS_SEARCH_USER_PATHS = NO;
				CLANG_ANALYZER_NONNULL = YES;
				CLANG_ANALYZER_NUMBER_OBJECT_CONVERSION = YES_AGGRESSIVE;
				CLANG_CXX_LANGUAGE_STANDARD = "gnu++14";
				CLANG_CXX_LIBRARY = "libc++";
				CLANG_ENABLE_MODULES = YES;
				CLANG_ENABLE_OBJC_ARC = YES;
				CLANG_WARN_BLOCK_CAPTURE_AUTORELEASING = YES;
				CLANG_WARN_BOOL_CONVERSION = YES;
				CLANG_WARN_COMMA = YES;
				CLANG_WARN_CONSTANT_CONVERSION = YES;
				CLANG_WARN_DIRECT_OBJC_ISA_USAGE = YES_ERROR;
				CLANG_WARN_DOCUMENTATION_COMMENTS = YES;
				CLANG_WARN_EMPTY_BODY = YES;
				CLANG_WARN_ENUM_CONVERSION = YES;
				CLANG_WARN_INFINITE_RECURSION = YES;
				CLANG_WARN_INT_CONVERSION = YES;
				CLANG_WARN_NON_LITERAL_NULL_CONVERSION = YES;
				CLANG_WARN_OBJC_LITERAL_CONVERSION = YES;
				CLANG_WARN_OBJC_ROOT_CLASS = YES_ERROR;
				CLANG_WARN_RANGE_LOOP_ANALYSIS = YES;
				CLANG_WARN_STRICT_PROTOTYPES = YES;
				CLANG_WARN_SUSPICIOUS_MOVE = YES;
				CLANG_WARN_UNGUARDED_AVAILABILITY = YES_AGGRESSIVE;
				CLANG_WARN_UNREACHABLE_CODE = YES;
				CLANG_WARN__DUPLICATE_METHOD_MATCH = YES;
				CODE_SIGN_IDENTITY = "iPhone Developer";
				COPY_PHASE_STRIP = NO;
				DEBUG_INFORMATION_FORMAT = dwarf;
				ENABLE_STRICT_OBJC_MSGSEND = YES;
				ENABLE_TESTABILITY = YES;
				GCC_C_LANGUAGE_STANDARD = gnu11;
				GCC_DYNAMIC_NO_PIC = NO;
				GCC_NO_COMMON_BLOCKS = YES;
				GCC_OPTIMIZATION_LEVEL = 0;
				GCC_PREPROCESSOR_DEFINITIONS = (
					"DEBUG=1",
					"$(inherited)",
				);
				GCC_WARN_64_TO_32_BIT_CONVERSION = YES;
				GCC_WARN_ABOUT_RETURN_TYPE = YES_ERROR;
				GCC_WARN_UNDECLARED_SELECTOR = YES;
				GCC_WARN_UNINITIALIZED_AUTOS = YES_AGGRESSIVE;
				GCC_WARN_UNUSED_FUNCTION = YES;
				GCC_WARN_UNUSED_VARIABLE = YES;
				IPHONEOS_DEPLOYMENT_TARGET = 11.2;
				MTL_ENABLE_DEBUG_INFO = YES;
				ONLY_ACTIVE_ARCH = YES;
				SDKROOT = iphoneos;
				SWIFT_ACTIVE_COMPILATION_CONDITIONS = DEBUG;
				SWIFT_OPTIMIZATION_LEVEL = "-Onone";
			};
			name = Debug;
		};
		4CAF145920858A1B00FF213E /* Release */ = {
			isa = XCBuildConfiguration;
			buildSettings = {
				ALWAYS_SEARCH_USER_PATHS = NO;
				CLANG_ANALYZER_NONNULL = YES;
				CLANG_ANALYZER_NUMBER_OBJECT_CONVERSION = YES_AGGRESSIVE;
				CLANG_CXX_LANGUAGE_STANDARD = "gnu++14";
				CLANG_CXX_LIBRARY = "libc++";
				CLANG_ENABLE_MODULES = YES;
				CLANG_ENABLE_OBJC_ARC = YES;
				CLANG_WARN_BLOCK_CAPTURE_AUTORELEASING = YES;
				CLANG_WARN_BOOL_CONVERSION = YES;
				CLANG_WARN_COMMA = YES;
				CLANG_WARN_CONSTANT_CONVERSION = YES;
				CLANG_WARN_DIRECT_OBJC_ISA_USAGE = YES_ERROR;
				CLANG_WARN_DOCUMENTATION_COMMENTS = YES;
				CLANG_WARN_EMPTY_BODY = YES;
				CLANG_WARN_ENUM_CONVERSION = YES;
				CLANG_WARN_INFINITE_RECURSION = YES;
				CLANG_WARN_INT_CONVERSION = YES;
				CLANG_WARN_NON_LITERAL_NULL_CONVERSION = YES;
				CLANG_WARN_OBJC_LITERAL_CONVERSION = YES;
				CLANG_WARN_OBJC_ROOT_CLASS = YES_ERROR;
				CLANG_WARN_RANGE_LOOP_ANALYSIS = YES;
				CLANG_WARN_STRICT_PROTOTYPES = YES;
				CLANG_WARN_SUSPICIOUS_MOVE = YES;
				CLANG_WARN_UNGUARDED_AVAILABILITY = YES_AGGRESSIVE;
				CLANG_WARN_UNREACHABLE_CODE = YES;
				CLANG_WARN__DUPLICATE_METHOD_MATCH = YES;
				CODE_SIGN_IDENTITY = "iPhone Developer";
				COPY_PHASE_STRIP = NO;
				DEBUG_INFORMATION_FORMAT = "dwarf-with-dsym";
				ENABLE_NS_ASSERTIONS = NO;
				ENABLE_STRICT_OBJC_MSGSEND = YES;
				GCC_C_LANGUAGE_STANDARD = gnu11;
				GCC_NO_COMMON_BLOCKS = YES;
				GCC_WARN_64_TO_32_BIT_CONVERSION = YES;
				GCC_WARN_ABOUT_RETURN_TYPE = YES_ERROR;
				GCC_WARN_UNDECLARED_SELECTOR = YES;
				GCC_WARN_UNINITIALIZED_AUTOS = YES_AGGRESSIVE;
				GCC_WARN_UNUSED_FUNCTION = YES;
				GCC_WARN_UNUSED_VARIABLE = YES;
				IPHONEOS_DEPLOYMENT_TARGET = 11.2;
				MTL_ENABLE_DEBUG_INFO = NO;
				SDKROOT = iphoneos;
				SWIFT_OPTIMIZATION_LEVEL = "-Owholemodule";
				VALIDATE_PRODUCT = YES;
			};
			name = Release;
		};
		4CAF145B20858A1B00FF213E /* Debug */ = {
			isa = XCBuildConfiguration;
			buildSettings = {
				ASSETCATALOG_COMPILER_APPICON_NAME = AppIcon;
				CODE_SIGN_STYLE = Automatic;
				INFOPLIST_FILE = JSDStarScoreView/Info.plist;
				LD_RUNPATH_SEARCH_PATHS = "$(inherited) @executable_path/Frameworks";
				PRODUCT_BUNDLE_IDENTIFIER = com.jiang.JSDStarScoreView;
				PRODUCT_NAME = "$(TARGET_NAME)";
				SWIFT_VERSION = 4.0;
				TARGETED_DEVICE_FAMILY = "1,2";
			};
			name = Debug;
		};
		4CAF145C20858A1B00FF213E /* Release */ = {
			isa = XCBuildConfiguration;
			buildSettings = {
				ASSETCATALOG_COMPILER_APPICON_NAME = AppIcon;
				CODE_SIGN_STYLE = Automatic;
				INFOPLIST_FILE = JSDStarScoreView/Info.plist;
				LD_RUNPATH_SEARCH_PATHS = "$(inherited) @executable_path/Frameworks";
				PRODUCT_BUNDLE_IDENTIFIER = com.jiang.JSDStarScoreView;
				PRODUCT_NAME = "$(TARGET_NAME)";
				SWIFT_VERSION = 4.0;
				TARGETED_DEVICE_FAMILY = "1,2";
			};
			name = Release;
		};
/* End XCBuildConfiguration section */

/* Begin XCConfigurationList section */
		4CAF144320858A1B00FF213E /* Build configuration list for PBXProject "JSDStarScoreView" */ = {
			isa = XCConfigurationList;
			buildConfigurations = (
				4CAF145820858A1B00FF213E /* Debug */,
				4CAF145920858A1B00FF213E /* Release */,
			);
			defaultConfigurationIsVisible = 0;
			defaultConfigurationName = Release;
		};
		4CAF145A20858A1B00FF213E /* Build configuration list for PBXNativeTarget "JSDStarScoreView" */ = {
			isa = XCConfigurationList;
			buildConfigurations = (
				4CAF145B20858A1B00FF213E /* Debug */,
				4CAF145C20858A1B00FF213E /* Release */,
			);
			defaultConfigurationIsVisible = 0;
			defaultConfigurationName = Release;
		};
/* End XCConfigurationList section */
	};
	rootObject = 4CAF144020858A1B00FF213E /* Project object */;
}
